// !$*UTF8*$!
{
	archiveVersion = 1;
	classes = {
	};
	objectVersion = 46;
	objects = {

/* Begin PBXBuildFile section */
		90C3093813F6DEC000182386 /* Foundation.framework in Frameworks */ = {isa = PBXBuildFile; fileRef = 90C3093713F6DEC000182386 /* Foundation.framework */; };
		90C3093A13F6DEC000182386 /* UIKit.framework in Frameworks */ = {isa = PBXBuildFile; fileRef = 90C3093913F6DEC000182386 /* UIKit.framework */; };
		90C3093C13F6DEC000182386 /* CoreGraphics.framework in Frameworks */ = {isa = PBXBuildFile; fileRef = 90C3093B13F6DEC000182386 /* CoreGraphics.framework */; };
		90C3093E13F6DEC000182386 /* AddressBook.framework in Frameworks */ = {isa = PBXBuildFile; fileRef = 90C3093D13F6DEC000182386 /* AddressBook.framework */; };
		90C3094013F6DEC000182386 /* AddressBookUI.framework in Frameworks */ = {isa = PBXBuildFile; fileRef = 90C3093F13F6DEC000182386 /* AddressBookUI.framework */; };
		90C3094213F6DEC000182386 /* AudioToolbox.framework in Frameworks */ = {isa = PBXBuildFile; fileRef = 90C3094113F6DEC000182386 /* AudioToolbox.framework */; };
		90C3094413F6DEC000182386 /* AVFoundation.framework in Frameworks */ = {isa = PBXBuildFile; fileRef = 90C3094313F6DEC000182386 /* AVFoundation.framework */; };
		90C3094613F6DEC000182386 /* CoreLocation.framework in Frameworks */ = {isa = PBXBuildFile; fileRef = 90C3094513F6DEC000182386 /* CoreLocation.framework */; };
		90C3094813F6DEC000182386 /* MediaPlayer.framework in Frameworks */ = {isa = PBXBuildFile; fileRef = 90C3094713F6DEC000182386 /* MediaPlayer.framework */; };
		90C3094A13F6DEC000182386 /* QuartzCore.framework in Frameworks */ = {isa = PBXBuildFile; fileRef = 90C3094913F6DEC000182386 /* QuartzCore.framework */; };
		90C3094C13F6DEC000182386 /* SystemConfiguration.framework in Frameworks */ = {isa = PBXBuildFile; fileRef = 90C3094B13F6DEC000182386 /* SystemConfiguration.framework */; };
		90C3094E13F6DEC000182386 /* MobileCoreServices.framework in Frameworks */ = {isa = PBXBuildFile; fileRef = 90C3094D13F6DEC000182386 /* MobileCoreServices.framework */; };
		90C3095013F6DEC000182386 /* CoreMedia.framework in Frameworks */ = {isa = PBXBuildFile; fileRef = 90C3094F13F6DEC000182386 /* CoreMedia.framework */; };
		90C3095613F6DEC000182386 /* InfoPlist.strings in Resources */ = {isa = PBXBuildFile; fileRef = 90C3095413F6DEC000182386 /* InfoPlist.strings */; };
		90C3095813F6DEC000182386 /* main.m in Sources */ = {isa = PBXBuildFile; fileRef = 90C3095713F6DEC000182386 /* main.m */; };
		90C3095B13F6DEC000182386 /* PhoneGap.framework in Frameworks */ = {isa = PBXBuildFile; fileRef = 90C3095A13F6DEC000182386 /* PhoneGap.framework */; };
		90C3096013F6DEC000182386 /* Localizable.strings in Resources */ = {isa = PBXBuildFile; fileRef = 90C3095E13F6DEC000182386 /* Localizable.strings */; };
		90C3096413F6DEC000182386 /* Localizable.strings in Resources */ = {isa = PBXBuildFile; fileRef = 90C3096213F6DEC000182386 /* Localizable.strings */; };
		90C3096713F6DEC000182386 /* icon.png in Resources */ = {isa = PBXBuildFile; fileRef = 90C3096613F6DEC000182386 /* icon.png */; };
		90C3096913F6DEC000182386 /* icon@2x.png in Resources */ = {isa = PBXBuildFile; fileRef = 90C3096813F6DEC000182386 /* icon@2x.png */; };
		90C3096B13F6DEC000182386 /* icon-72.png in Resources */ = {isa = PBXBuildFile; fileRef = 90C3096A13F6DEC000182386 /* icon-72.png */; };
		90C3096E13F6DEC000182386 /* Default.png in Resources */ = {isa = PBXBuildFile; fileRef = 90C3096D13F6DEC000182386 /* Default.png */; };
		90C3097013F6DEC000182386 /* Default@2x.png in Resources */ = {isa = PBXBuildFile; fileRef = 90C3096F13F6DEC000182386 /* Default@2x.png */; };
		90C3097213F6DEC000182386 /* Capture.bundle in Resources */ = {isa = PBXBuildFile; fileRef = 90C3097113F6DEC000182386 /* Capture.bundle */; };
		90C3097413F6DEC000182386 /* PhoneGap.plist in Resources */ = {isa = PBXBuildFile; fileRef = 90C3097313F6DEC000182386 /* PhoneGap.plist */; };
		90C3097813F6DEC000182386 /* AppDelegate.m in Sources */ = {isa = PBXBuildFile; fileRef = 90C3097713F6DEC000182386 /* AppDelegate.m */; };
		90C3098113F6E09700182386 /* www in Resources */ = {isa = PBXBuildFile; fileRef = 90C3098013F6E09700182386 /* www */; };
/* End PBXBuildFile section */

/* Begin PBXFileReference section */
		90C3093313F6DEC000182386 /* Walky.app */ = {isa = PBXFileReference; explicitFileType = wrapper.application; includeInIndex = 0; path = Walky.app; sourceTree = BUILT_PRODUCTS_DIR; };
		90C3093713F6DEC000182386 /* Foundation.framework */ = {isa = PBXFileReference; lastKnownFileType = wrapper.framework; name = Foundation.framework; path = System/Library/Frameworks/Foundation.framework; sourceTree = SDKROOT; };
		90C3093913F6DEC000182386 /* UIKit.framework */ = {isa = PBXFileReference; lastKnownFileType = wrapper.framework; name = UIKit.framework; path = System/Library/Frameworks/UIKit.framework; sourceTree = SDKROOT; };
		90C3093B13F6DEC000182386 /* CoreGraphics.framework */ = {isa = PBXFileReference; lastKnownFileType = wrapper.framework; name = CoreGraphics.framework; path = System/Library/Frameworks/CoreGraphics.framework; sourceTree = SDKROOT; };
		90C3093D13F6DEC000182386 /* AddressBook.framework */ = {isa = PBXFileReference; lastKnownFileType = wrapper.framework; name = AddressBook.framework; path = System/Library/Frameworks/AddressBook.framework; sourceTree = SDKROOT; };
		90C3093F13F6DEC000182386 /* AddressBookUI.framework */ = {isa = PBXFileReference; lastKnownFileType = wrapper.framework; name = AddressBookUI.framework; path = System/Library/Frameworks/AddressBookUI.framework; sourceTree = SDKROOT; };
		90C3094113F6DEC000182386 /* AudioToolbox.framework */ = {isa = PBXFileReference; lastKnownFileType = wrapper.framework; name = AudioToolbox.framework; path = System/Library/Frameworks/AudioToolbox.framework; sourceTree = SDKROOT; };
		90C3094313F6DEC000182386 /* AVFoundation.framework */ = {isa = PBXFileReference; lastKnownFileType = wrapper.framework; name = AVFoundation.framework; path = System/Library/Frameworks/AVFoundation.framework; sourceTree = SDKROOT; };
		90C3094513F6DEC000182386 /* CoreLocation.framework */ = {isa = PBXFileReference; lastKnownFileType = wrapper.framework; name = CoreLocation.framework; path = System/Library/Frameworks/CoreLocation.framework; sourceTree = SDKROOT; };
		90C3094713F6DEC000182386 /* MediaPlayer.framework */ = {isa = PBXFileReference; lastKnownFileType = wrapper.framework; name = MediaPlayer.framework; path = System/Library/Frameworks/MediaPlayer.framework; sourceTree = SDKROOT; };
		90C3094913F6DEC000182386 /* QuartzCore.framework */ = {isa = PBXFileReference; lastKnownFileType = wrapper.framework; name = QuartzCore.framework; path = System/Library/Frameworks/QuartzCore.framework; sourceTree = SDKROOT; };
		90C3094B13F6DEC000182386 /* SystemConfiguration.framework */ = {isa = PBXFileReference; lastKnownFileType = wrapper.framework; name = SystemConfiguration.framework; path = System/Library/Frameworks/SystemConfiguration.framework; sourceTree = SDKROOT; };
		90C3094D13F6DEC000182386 /* MobileCoreServices.framework */ = {isa = PBXFileReference; lastKnownFileType = wrapper.framework; name = MobileCoreServices.framework; path = System/Library/Frameworks/MobileCoreServices.framework; sourceTree = SDKROOT; };
		90C3094F13F6DEC000182386 /* CoreMedia.framework */ = {isa = PBXFileReference; lastKnownFileType = wrapper.framework; name = CoreMedia.framework; path = System/Library/Frameworks/CoreMedia.framework; sourceTree = SDKROOT; };
		90C3095313F6DEC000182386 /* Walky-Info.plist */ = {isa = PBXFileReference; lastKnownFileType = text.plist.xml; path = "Walky-Info.plist"; sourceTree = "<group>"; };
		90C3095513F6DEC000182386 /* en */ = {isa = PBXFileReference; lastKnownFileType = text.plist.strings; name = en; path = en.lproj/InfoPlist.strings; sourceTree = "<group>"; };
		90C3095713F6DEC000182386 /* main.m */ = {isa = PBXFileReference; lastKnownFileType = sourcecode.c.objc; path = main.m; sourceTree = "<group>"; };
		90C3095913F6DEC000182386 /* Walky-Prefix.pch */ = {isa = PBXFileReference; lastKnownFileType = sourcecode.c.h; path = "Walky-Prefix.pch"; sourceTree = "<group>"; };
		90C3095A13F6DEC000182386 /* PhoneGap.framework */ = {isa = PBXFileReference; lastKnownFileType = wrapper.framework; name = PhoneGap.framework; path = /Users/Shared/PhoneGap/Frameworks/PhoneGap.framework; sourceTree = "<absolute>"; };
		90C3095F13F6DEC000182386 /* en */ = {isa = PBXFileReference; lastKnownFileType = text.plist.strings; name = en; path = Resources/en.lproj/Localizable.strings; sourceTree = "<group>"; };
		90C3096313F6DEC000182386 /* es */ = {isa = PBXFileReference; lastKnownFileType = text.plist.strings; name = es; path = Resources/es.lproj/Localizable.strings; sourceTree = "<group>"; };
		90C3096613F6DEC000182386 /* icon.png */ = {isa = PBXFileReference; lastKnownFileType = image.png; name = icon.png; path = Resources/icons/icon.png; sourceTree = "<group>"; };
		90C3096813F6DEC000182386 /* icon@2x.png */ = {isa = PBXFileReference; lastKnownFileType = image.png; name = "icon@2x.png"; path = "Resources/icons/icon@2x.png"; sourceTree = "<group>"; };
		90C3096A13F6DEC000182386 /* icon-72.png */ = {isa = PBXFileReference; lastKnownFileType = image.png; name = "icon-72.png"; path = "Resources/icons/icon-72.png"; sourceTree = "<group>"; };
		90C3096D13F6DEC000182386 /* Default.png */ = {isa = PBXFileReference; lastKnownFileType = image.png; name = Default.png; path = Resources/splash/Default.png; sourceTree = "<group>"; };
		90C3096F13F6DEC000182386 /* Default@2x.png */ = {isa = PBXFileReference; lastKnownFileType = image.png; name = "Default@2x.png"; path = "Resources/splash/Default@2x.png"; sourceTree = "<group>"; };
		90C3097113F6DEC000182386 /* Capture.bundle */ = {isa = PBXFileReference; lastKnownFileType = "wrapper.plug-in"; name = Capture.bundle; path = Resources/Capture.bundle; sourceTree = "<group>"; };
		90C3097313F6DEC000182386 /* PhoneGap.plist */ = {isa = PBXFileReference; lastKnownFileType = text.plist.xml; path = PhoneGap.plist; sourceTree = "<group>"; };
		90C3097613F6DEC000182386 /* AppDelegate.h */ = {isa = PBXFileReference; lastKnownFileType = sourcecode.c.h; name = AppDelegate.h; path = Classes/AppDelegate.h; sourceTree = "<group>"; };
		90C3097713F6DEC000182386 /* AppDelegate.m */ = {isa = PBXFileReference; lastKnownFileType = sourcecode.c.objc; name = AppDelegate.m; path = Classes/AppDelegate.m; sourceTree = "<group>"; };
		90C3097A13F6DEC000182386 /* README */ = {isa = PBXFileReference; lastKnownFileType = text; name = README; path = Plugins/README; sourceTree = "<group>"; };
		90C3098013F6E09700182386 /* www */ = {isa = PBXFileReference; lastKnownFileType = folder; path = www; sourceTree = "<group>"; };
/* End PBXFileReference section */

/* Begin PBXFrameworksBuildPhase section */
		90C3092D13F6DEC000182386 /* Frameworks */ = {
			isa = PBXFrameworksBuildPhase;
			buildActionMask = 2147483647;
			files = (
				90C3093813F6DEC000182386 /* Foundation.framework in Frameworks */,
				90C3093A13F6DEC000182386 /* UIKit.framework in Frameworks */,
				90C3093C13F6DEC000182386 /* CoreGraphics.framework in Frameworks */,
				90C3093E13F6DEC000182386 /* AddressBook.framework in Frameworks */,
				90C3094013F6DEC000182386 /* AddressBookUI.framework in Frameworks */,
				90C3094213F6DEC000182386 /* AudioToolbox.framework in Frameworks */,
				90C3094413F6DEC000182386 /* AVFoundation.framework in Frameworks */,
				90C3094613F6DEC000182386 /* CoreLocation.framework in Frameworks */,
				90C3094813F6DEC000182386 /* MediaPlayer.framework in Frameworks */,
				90C3094A13F6DEC000182386 /* QuartzCore.framework in Frameworks */,
				90C3094C13F6DEC000182386 /* SystemConfiguration.framework in Frameworks */,
				90C3094E13F6DEC000182386 /* MobileCoreServices.framework in Frameworks */,
				90C3095013F6DEC000182386 /* CoreMedia.framework in Frameworks */,
				90C3095B13F6DEC000182386 /* PhoneGap.framework in Frameworks */,
			);
			runOnlyForDeploymentPostprocessing = 0;
		};
		90C3093013F6DEC000182386 /* Frameworks */ = {
			isa = PBXFrameworksBuildPhase;
			buildActionMask = 2147483647;
			files = (
			);
			runOnlyForDeploymentPostprocessing = 0;
		};
/* End PBXFrameworksBuildPhase section */

/* Begin PBXGroup section */
		90C3092513F6DEC000182386 = {
			isa = PBXGroup;
			children = (
				90C3098013F6E09700182386 /* www */,
				90C3095113F6DEC000182386 /* Walky */,
				90C3093613F6DEC000182386 /* Frameworks */,
				90C3093413F6DEC000182386 /* Products */,
			);
			sourceTree = "<group>";
		};
		90C3093413F6DEC000182386 /* Products */ = {
			isa = PBXGroup;
			children = (
				90C3093313F6DEC000182386 /* Walky.app */,
			);
			name = Products;
			sourceTree = "<group>";
		};
		90C3093613F6DEC000182386 /* Frameworks */ = {
			isa = PBXGroup;
			children = (
				90C3093713F6DEC000182386 /* Foundation.framework */,
				90C3093913F6DEC000182386 /* UIKit.framework */,
				90C3093B13F6DEC000182386 /* CoreGraphics.framework */,
				90C3093D13F6DEC000182386 /* AddressBook.framework */,
				90C3093F13F6DEC000182386 /* AddressBookUI.framework */,
				90C3094113F6DEC000182386 /* AudioToolbox.framework */,
				90C3094313F6DEC000182386 /* AVFoundation.framework */,
				90C3094513F6DEC000182386 /* CoreLocation.framework */,
				90C3094713F6DEC000182386 /* MediaPlayer.framework */,
				90C3094913F6DEC000182386 /* QuartzCore.framework */,
				90C3094B13F6DEC000182386 /* SystemConfiguration.framework */,
				90C3094D13F6DEC000182386 /* MobileCoreServices.framework */,
				90C3094F13F6DEC000182386 /* CoreMedia.framework */,
			);
			name = Frameworks;
			sourceTree = "<group>";
		};
		90C3095113F6DEC000182386 /* Walky */ = {
			isa = PBXGroup;
			children = (
				90C3095A13F6DEC000182386 /* PhoneGap.framework */,
				90C3095C13F6DEC000182386 /* Resources */,
				90C3097513F6DEC000182386 /* Classes */,
				90C3097913F6DEC000182386 /* Plugins */,
				90C3095213F6DEC000182386 /* Supporting Files */,
			);
			path = Walky;
			sourceTree = "<group>";
		};
		90C3095213F6DEC000182386 /* Supporting Files */ = {
			isa = PBXGroup;
			children = (
				90C3095313F6DEC000182386 /* Walky-Info.plist */,
				90C3095413F6DEC000182386 /* InfoPlist.strings */,
				90C3095713F6DEC000182386 /* main.m */,
				90C3095913F6DEC000182386 /* Walky-Prefix.pch */,
				90C3097313F6DEC000182386 /* PhoneGap.plist */,
			);
			name = "Supporting Files";
			sourceTree = "<group>";
		};
		90C3095C13F6DEC000182386 /* Resources */ = {
			isa = PBXGroup;
			children = (
				90C3097113F6DEC000182386 /* Capture.bundle */,
				90C3095D13F6DEC000182386 /* en.lproj */,
				90C3096113F6DEC000182386 /* es.lproj */,
				90C3096513F6DEC000182386 /* icons */,
				90C3096C13F6DEC000182386 /* splash */,
			);
			name = Resources;
			sourceTree = "<group>";
		};
		90C3095D13F6DEC000182386 /* en.lproj */ = {
			isa = PBXGroup;
			children = (
				90C3095E13F6DEC000182386 /* Localizable.strings */,
			);
			name = en.lproj;
			sourceTree = "<group>";
		};
		90C3096113F6DEC000182386 /* es.lproj */ = {
			isa = PBXGroup;
			children = (
				90C3096213F6DEC000182386 /* Localizable.strings */,
			);
			name = es.lproj;
			sourceTree = "<group>";
		};
		90C3096513F6DEC000182386 /* icons */ = {
			isa = PBXGroup;
			children = (
				90C3096613F6DEC000182386 /* icon.png */,
				90C3096813F6DEC000182386 /* icon@2x.png */,
				90C3096A13F6DEC000182386 /* icon-72.png */,
			);
			name = icons;
			sourceTree = "<group>";
		};
		90C3096C13F6DEC000182386 /* splash */ = {
			isa = PBXGroup;
			children = (
				90C3096D13F6DEC000182386 /* Default.png */,
				90C3096F13F6DEC000182386 /* Default@2x.png */,
			);
			name = splash;
			sourceTree = "<group>";
		};
		90C3097513F6DEC000182386 /* Classes */ = {
			isa = PBXGroup;
			children = (
				90C3097613F6DEC000182386 /* AppDelegate.h */,
				90C3097713F6DEC000182386 /* AppDelegate.m */,
			);
			name = Classes;
			sourceTree = "<group>";
		};
		90C3097913F6DEC000182386 /* Plugins */ = {
			isa = PBXGroup;
			children = (
				90C3097A13F6DEC000182386 /* README */,
			);
			name = Plugins;
			sourceTree = "<group>";
		};
/* End PBXGroup section */

/* Begin PBXNativeTarget section */
		90C3093213F6DEC000182386 /* Walky */ = {
			isa = PBXNativeTarget;
			buildConfigurationList = 90C3097D13F6DEC000182386 /* Build configuration list for PBXNativeTarget "Walky" */;
			buildPhases = (
				90C3092C13F6DEC000182386 /* Sources */,
				90C3092D13F6DEC000182386 /* Frameworks */,
				90C3092E13F6DEC000182386 /* Resources */,
				90C3092F13F6DEC000182386 /* Sources */,
				90C3093013F6DEC000182386 /* Frameworks */,
				90C3093113F6DEC000182386 /* ShellScript */,
			);
			buildRules = (
			);
			dependencies = (
			);
			name = Walky;
			productName = Walky;
			productReference = 90C3093313F6DEC000182386 /* Walky.app */;
			productType = "com.apple.product-type.application";
		};
/* End PBXNativeTarget section */

/* Begin PBXProject section */
		90C3092713F6DEC000182386 /* Project object */ = {
			isa = PBXProject;
			attributes = {
				LastUpgradeCheck = 0420;
			};
			buildConfigurationList = 90C3092A13F6DEC000182386 /* Build configuration list for PBXProject "Walky" */;
			compatibilityVersion = "Xcode 3.2";
			developmentRegion = English;
			hasScannedForEncodings = 0;
			knownRegions = (
				en,
				es,
			);
			mainGroup = 90C3092513F6DEC000182386;
			productRefGroup = 90C3093413F6DEC000182386 /* Products */;
			projectDirPath = "";
			projectRoot = "";
			targets = (
				90C3093213F6DEC000182386 /* Walky */,
			);
		};
/* End PBXProject section */

/* Begin PBXResourcesBuildPhase section */
		90C3092E13F6DEC000182386 /* Resources */ = {
			isa = PBXResourcesBuildPhase;
			buildActionMask = 2147483647;
			files = (
				90C3095613F6DEC000182386 /* InfoPlist.strings in Resources */,
				90C3096013F6DEC000182386 /* Localizable.strings in Resources */,
				90C3096413F6DEC000182386 /* Localizable.strings in Resources */,
				90C3096713F6DEC000182386 /* icon.png in Resources */,
				90C3096913F6DEC000182386 /* icon@2x.png in Resources */,
				90C3096B13F6DEC000182386 /* icon-72.png in Resources */,
				90C3096E13F6DEC000182386 /* Default.png in Resources */,
				90C3097013F6DEC000182386 /* Default@2x.png in Resources */,
				90C3097213F6DEC000182386 /* Capture.bundle in Resources */,
				90C3097413F6DEC000182386 /* PhoneGap.plist in Resources */,
				90C3098113F6E09700182386 /* www in Resources */,
			);
			runOnlyForDeploymentPostprocessing = 0;
		};
/* End PBXResourcesBuildPhase section */

/* Begin PBXShellScriptBuildPhase section */
		90C3093113F6DEC000182386 /* ShellScript */ = {
			isa = PBXShellScriptBuildPhase;
			buildActionMask = 2147483647;
			files = (
			);
			inputPaths = (
			);
			outputPaths = (
			);
			runOnlyForDeploymentPostprocessing = 0;
			shellPath = /bin/bash;
			shellScript = "\n\t\t\t\t\t\t\t\tif [ ! -d \"$PROJECT_DIR/www\" ] ; then\n\t\t\t\t\t\t\t\t\tcp -R /Users/Shared/PhoneGap/Frameworks/PhoneGap.framework/www \"$PROJECT_DIR\"\n\t\t\t\t\t\t\t\tfi\n\t\t\t\t\t\t\t\t# detect www folder reference in project, if missing, print warning\n\t\t\t\t\t\t\t\tgrep \"{isa = PBXFileReference; lastKnownFileType = folder; path = www; sourceTree = \\\"<group>\\\"; };\" \"$PROJECT_DIR/$PROJECT_NAME.xcodeproj/project.pbxproj\"\n\t\t\t\t\t\t\t\trc=$? \n\t\t\t\t\t\t\t\tif [ $rc != 0 ] ; then\n\t\t\t\t\t\t\t\techo -e \"warning: Missing - Add $PROJECT_DIR/www as a folder reference in your project. Just drag and drop the folder into your project, in Xcode 4.\" 1>&2\n\t\t\t\t\t\t\t\tfi\t\t\t\t\t\t\t";
		};
/* End PBXShellScriptBuildPhase section */

/* Begin PBXSourcesBuildPhase section */
		90C3092C13F6DEC000182386 /* Sources */ = {
			isa = PBXSourcesBuildPhase;
			buildActionMask = 2147483647;
			files = (
				90C3095813F6DEC000182386 /* main.m in Sources */,
				90C3097813F6DEC000182386 /* AppDelegate.m in Sources */,
			);
			runOnlyForDeploymentPostprocessing = 0;
		};
		90C3092F13F6DEC000182386 /* Sources */ = {
			isa = PBXSourcesBuildPhase;
			buildActionMask = 2147483647;
			files = (
			);
			runOnlyForDeploymentPostprocessing = 0;
		};
/* End PBXSourcesBuildPhase section */

/* Begin PBXVariantGroup section */
		90C3095413F6DEC000182386 /* InfoPlist.strings */ = {
			isa = PBXVariantGroup;
			children = (
				90C3095513F6DEC000182386 /* en */,
			);
			name = InfoPlist.strings;
			sourceTree = "<group>";
		};
		90C3095E13F6DEC000182386 /* Localizable.strings */ = {
			isa = PBXVariantGroup;
			children = (
				90C3095F13F6DEC000182386 /* en */,
			);
			name = Localizable.strings;
			sourceTree = "<group>";
		};
		90C3096213F6DEC000182386 /* Localizable.strings */ = {
			isa = PBXVariantGroup;
			children = (
				90C3096313F6DEC000182386 /* es */,
			);
			name = Localizable.strings;
			sourceTree = "<group>";
		};
/* End PBXVariantGroup section */

/* Begin XCBuildConfiguration section */
		90C3097B13F6DEC000182386 /* Debug */ = {
			isa = XCBuildConfiguration;
			buildSettings = {
				ALWAYS_SEARCH_USER_PATHS = NO;
				ARCHS = "$(ARCHS_STANDARD_32_BIT)";
				CLANG_ENABLE_OBJC_ARC = YES;
				"CODE_SIGN_IDENTITY[sdk=iphoneos*]" = "iPhone Developer";
				COPY_PHASE_STRIP = NO;
				GCC_C_LANGUAGE_STANDARD = gnu99;
				GCC_DYNAMIC_NO_PIC = NO;
				GCC_OPTIMIZATION_LEVEL = 0;
				GCC_PREPROCESSOR_DEFINITIONS = (
					"DEBUG=1",
					"$(inherited)",
				);
				GCC_SYMBOLS_PRIVATE_EXTERN = NO;
				GCC_VERSION = com.apple.compilers.llvmgcc42;
				GCC_WARN_ABOUT_MISSING_PROTOTYPES = YES;
				GCC_WARN_ABOUT_RETURN_TYPE = YES;
				GCC_WARN_UNUSED_VARIABLE = YES;
				IPHONEOS_DEPLOYMENT_TARGET = 3.1;
				SDKROOT = iphoneos;
			};
			name = Debug;
		};
		90C3097C13F6DEC000182386 /* Release */ = {
			isa = XCBuildConfiguration;
			buildSettings = {
				ALWAYS_SEARCH_USER_PATHS = NO;
				ARCHS = "$(ARCHS_STANDARD_32_BIT)";
				CLANG_ENABLE_OBJC_ARC = YES;
				"CODE_SIGN_IDENTITY[sdk=iphoneos*]" = "iPhone Developer";
				COPY_PHASE_STRIP = YES;
				GCC_C_LANGUAGE_STANDARD = gnu99;
				GCC_VERSION = com.apple.compilers.llvmgcc42;
				GCC_WARN_ABOUT_MISSING_PROTOTYPES = YES;
				GCC_WARN_ABOUT_RETURN_TYPE = YES;
				GCC_WARN_UNUSED_VARIABLE = YES;
				IPHONEOS_DEPLOYMENT_TARGET = 3.1;
				SDKROOT = iphoneos;
				VALIDATE_PRODUCT = YES;
			};
			name = Release;
		};
		90C3097E13F6DEC000182386 /* Debug */ = {
			isa = XCBuildConfiguration;
			buildSettings = {
				ALWAYS_SEARCH_USER_PATHS = YES;
				COPY_PHASE_STRIP = NO;
				FRAMEWORK_SEARCH_PATHS = /Users/Shared/PhoneGap/Frameworks;
				GCC_DYNAMIC_NO_PIC = NO;
				GCC_PRECOMPILE_PREFIX_HEADER = YES;
				GCC_PREFIX_HEADER = "Walky/Walky-Prefix.pch";
				GCC_PREPROCESSOR_DEFINITIONS = "PHONEGAP_FRAMEWORK=YES";
				INFOPLIST_FILE = "Walky/Walky-Info.plist";
				PRODUCT_NAME = "$(TARGET_NAME)";
				WRAPPER_EXTENSION = app;
			};
			name = Debug;
		};
		90C3097F13F6DEC000182386 /* Release */ = {
			isa = XCBuildConfiguration;
			buildSettings = {
				ALWAYS_SEARCH_USER_PATHS = YES;
				COPY_PHASE_STRIP = YES;
				DEBUG_INFORMATION_FORMAT = "dwarf-with-dsym";
				FRAMEWORK_SEARCH_PATHS = /Users/Shared/PhoneGap/Frameworks;
				GCC_PRECOMPILE_PREFIX_HEADER = YES;
				GCC_PREFIX_HEADER = "Walky/Walky-Prefix.pch";
				GCC_PREPROCESSOR_DEFINITIONS = "PHONEGAP_FRAMEWORK=YES";
				INFOPLIST_FILE = "Walky/Walky-Info.plist";
				PRODUCT_NAME = "$(TARGET_NAME)";
				VALIDATE_PRODUCT = YES;
				WRAPPER_EXTENSION = app;
			};
			name = Release;
		};
/* End XCBuildConfiguration section */

/* Begin XCConfigurationList section */
		90C3092A13F6DEC000182386 /* Build configuration list for PBXProject "Walky" */ = {
			isa = XCConfigurationList;
			buildConfigurations = (
				90C3097B13F6DEC000182386 /* Debug */,
				90C3097C13F6DEC000182386 /* Release */,
			);
			defaultConfigurationIsVisible = 0;
			defaultConfigurationName = Release;
		};
		90C3097D13F6DEC000182386 /* Build configuration list for PBXNativeTarget "Walky" */ = {
			isa = XCConfigurationList;
			buildConfigurations = (
				90C3097E13F6DEC000182386 /* Debug */,
				90C3097F13F6DEC000182386 /* Release */,
			);
			defaultConfigurationIsVisible = 0;
		};
/* End XCConfigurationList section */
	};
	rootObject = 90C3092713F6DEC000182386 /* Project object */;
}
